
Microsoft Visual Studio Solution File, Format Version 12.00
# Visual Studio Version 17
VisualStudioVersion = 17.4.33103.184
MinimumVisualStudioVersion = 10.0.40219.1
Project("{FAE04EC0-301F-11D3-BF4B-00C04F79EFBC}") = "EticaretAPI", "EticaretAPI\EticaretAPI.csproj", "{0CF98062-A6A0-47D0-B162-128405C95227}"
EndProject
Global
	GlobalSection(SolutionConfigurationPlatforms) = preSolution
		Debug|Any CPU = Debug|Any CPU
		Release|Any CPU = Release|Any CPU
	EndGlobalSection
	GlobalSection(ProjectConfigurationPlatforms) = postSolution
		{0CF98062-A6A0-47D0-B162-128405C95227}.Debug|Any CPU.ActiveCfg = Debug|Any CPU
		{0CF98062-A6A0-47D0-B162-128405C95227}.Debug|Any CPU.Build.0 = Debug|Any CPU
		{0CF98062-A6A0-47D0-B162-128405C95227}.Release|Any CPU.ActiveCfg = Release|Any CPU
		{0CF98062-A6A0-47D0-B162-128405C95227}.Release|Any CPU.Build.0 = Release|Any CPU
	EndGlobalSection
	GlobalSection(SolutionProperties) = preSolution
		HideSolutionNode = FALSE
	EndGlobalSection
	GlobalSection(ExtensibilityGlobals) = postSolution
		SolutionGuid = {155B897E-5F42-4520-A97B-4C9FA06B8529}
	EndGlobalSection
EndGlobal
